
Microsoft Visual Studio Solution File, Format Version 12.00
# Visual Studio Version 17
VisualStudioVersion = 17.5.33627.172
MinimumVisualStudioVersion = 10.0.40219.1
Project("{FAE04EC0-301F-11D3-BF4B-00C04F79EFBC}") = "aydioplayerApp", "aydioplayerApp.csproj", "{B53DC5DE-269E-42B9-A538-F370D7C473A6}"
EndProject
Global
	GlobalSection(SolutionConfigurationPlatforms) = preSolution
		Debug|Any CPU = Debug|Any CPU
		Release|Any CPU = Release|Any CPU
	EndGlobalSection
	GlobalSection(ProjectConfigurationPlatforms) = postSolution
		{B53DC5DE-269E-42B9-A538-F370D7C473A6}.Debug|Any CPU.ActiveCfg = Debug|Any CPU
		{B53DC5DE-269E-42B9-A538-F370D7C473A6}.Debug|Any CPU.Build.0 = Debug|Any CPU
		{B53DC5DE-269E-42B9-A538-F370D7C473A6}.Release|Any CPU.ActiveCfg = Release|Any CPU
		{B53DC5DE-269E-42B9-A538-F370D7C473A6}.Release|Any CPU.Build.0 = Release|Any CPU
	EndGlobalSection
	GlobalSection(SolutionProperties) = preSolution
		HideSolutionNode = FALSE
	EndGlobalSection
	GlobalSection(ExtensibilityGlobals) = postSolution
		SolutionGuid = {2A4CC6CB-2323-49A7-B865-29048C21F760}
	EndGlobalSection
EndGlobal
